
Microsoft Visual Studio Solution File, Format Version 12.00
# Visual Studio 15
VisualStudioVersion = 15.0.28307.489
MinimumVisualStudioVersion = 10.0.40219.1
Project("{8BC9CEB8-8B4A-11D0-8D11-00A0C91BC942}") = "VoxelTerrain", "VoxelTerrain\VoxelTerrain.vcxproj", "{FD521BD4-64FC-4160-8B35-00074026A6BF}"
EndProject
Global
	GlobalSection(SolutionConfigurationPlatforms) = preSolution
		Debug|x64 = Debug|x64
		Debug|x86 = Debug|x86
		Release|x64 = Release|x64
		Release|x86 = Release|x86
	EndGlobalSection
	GlobalSection(ProjectConfigurationPlatforms) = postSolution
		{FD521BD4-64FC-4160-8B35-00074026A6BF}.Debug|x64.ActiveCfg = Debug|x64
		{FD521BD4-64FC-4160-8B35-00074026A6BF}.Debug|x64.Build.0 = Debug|x64
		{FD521BD4-64FC-4160-8B35-00074026A6BF}.Debug|x86.ActiveCfg = Debug|Win32
		{FD521BD4-64FC-4160-8B35-00074026A6BF}.Debug|x86.Build.0 = Debug|Win32
		{FD521BD4-64FC-4160-8B35-00074026A6BF}.Release|x64.ActiveCfg = Release|x64
		{FD521BD4-64FC-4160-8B35-00074026A6BF}.Release|x64.Build.0 = Release|x64
		{FD521BD4-64FC-4160-8B35-00074026A6BF}.Release|x86.ActiveCfg = Release|Win32
		{FD521BD4-64FC-4160-8B35-00074026A6BF}.Release|x86.Build.0 = Release|Win32
	EndGlobalSection
	GlobalSection(SolutionProperties) = preSolution
		HideSolutionNode = FALSE
	EndGlobalSection
	GlobalSection(ExtensibilityGlobals) = postSolution
		SolutionGuid = {0963B49F-C6BF-4121-9231-76C0D978EF4E}
	EndGlobalSection
EndGlobal
